// !$*UTF8*$!
{
	archiveVersion = 1;
	classes = {
	};
	objectVersion = 46;
	objects = {

/* Begin PBXBuildFile section */
		1CE50CA51C91A32A00E7B852 /* Assets.xcassets in Resources */ = {isa = PBXBuildFile; fileRef = 1CE50CA41C91A32A00E7B852 /* Assets.xcassets */; };
		1CE50CBA1C91A5DB00E7B852 /* AppDelegate.swift in Sources */ = {isa = PBXBuildFile; fileRef = 1CE50CB01C91A5DB00E7B852 /* AppDelegate.swift */; };
		1CE50CBB1C91A5DB00E7B852 /* Info.plist in Resources */ = {isa = PBXBuildFile; fileRef = 1CE50CB21C91A5DB00E7B852 /* Info.plist */; };
		1CE50CBC1C91A5DB00E7B852 /* ViewController.swift in Sources */ = {isa = PBXBuildFile; fileRef = 1CE50CB41C91A5DB00E7B852 /* ViewController.swift */; };
		1CE50CBD1C91A5DB00E7B852 /* LaunchScreen.storyboard in Resources */ = {isa = PBXBuildFile; fileRef = 1CE50CB61C91A5DB00E7B852 /* LaunchScreen.storyboard */; };
		1CE50CBE1C91A5DB00E7B852 /* Main.storyboard in Resources */ = {isa = PBXBuildFile; fileRef = 1CE50CB81C91A5DB00E7B852 /* Main.storyboard */; };
		1CE50CC21C91A65100E7B852 /* Model.xcdatamodeld in Sources */ = {isa = PBXBuildFile; fileRef = 1CE50CC01C91A65100E7B852 /* Model.xcdatamodeld */; };
/* End PBXBuildFile section */

/* Begin PBXFileReference section */
		1CE50C9A1C91A32A00E7B852 /* DemoCoreData.app */ = {isa = PBXFileReference; explicitFileType = wrapper.application; includeInIndex = 0; path = DemoCoreData.app; sourceTree = BUILT_PRODUCTS_DIR; };
		1CE50CA41C91A32A00E7B852 /* Assets.xcassets */ = {isa = PBXFileReference; lastKnownFileType = folder.assetcatalog; path = Assets.xcassets; sourceTree = "<group>"; };
		1CE50CB01C91A5DB00E7B852 /* AppDelegate.swift */ = {isa = PBXFileReference; fileEncoding = 4; lastKnownFileType = sourcecode.swift; path = AppDelegate.swift; sourceTree = "<group>"; };
		1CE50CB21C91A5DB00E7B852 /* Info.plist */ = {isa = PBXFileReference; fileEncoding = 4; lastKnownFileType = text.plist.xml; path = Info.plist; sourceTree = "<group>"; };
		1CE50CB41C91A5DB00E7B852 /* ViewController.swift */ = {isa = PBXFileReference; fileEncoding = 4; lastKnownFileType = sourcecode.swift; path = ViewController.swift; sourceTree = "<group>"; };
		1CE50CB71C91A5DB00E7B852 /* Base */ = {isa = PBXFileReference; lastKnownFileType = file.storyboard; name = Base; path = Base.lproj/LaunchScreen.storyboard; sourceTree = "<group>"; };
		1CE50CB91C91A5DB00E7B852 /* Base */ = {isa = PBXFileReference; lastKnownFileType = file.storyboard; name = Base; path = Base.lproj/Main.storyboard; sourceTree = "<group>"; };
		1CE50CC11C91A65100E7B852 /* Model.xcdatamodel */ = {isa = PBXFileReference; lastKnownFileType = wrapper.xcdatamodel; path = Model.xcdatamodel; sourceTree = "<group>"; };
/* End PBXFileReference section */

/* Begin PBXFrameworksBuildPhase section */
		1CE50C971C91A32A00E7B852 /* Frameworks */ = {
			isa = PBXFrameworksBuildPhase;
			buildActionMask = 2147483647;
			files = (
			);
			runOnlyForDeploymentPostprocessing = 0;
		};
/* End PBXFrameworksBuildPhase section */

/* Begin PBXGroup section */
		1CE50C911C91A32A00E7B852 = {
			isa = PBXGroup;
			children = (
				1CE50C9C1C91A32A00E7B852 /* DemoCoreData */,
				1CE50C9B1C91A32A00E7B852 /* Products */,
			);
			sourceTree = "<group>";
		};
		1CE50C9B1C91A32A00E7B852 /* Products */ = {
			isa = PBXGroup;
			children = (
				1CE50C9A1C91A32A00E7B852 /* DemoCoreData.app */,
			);
			name = Products;
			sourceTree = "<group>";
		};
		1CE50C9C1C91A32A00E7B852 /* DemoCoreData */ = {
			isa = PBXGroup;
			children = (
				1CE50CBF1C91A63D00E7B852 /* Model */,
				1CE50CAF1C91A5DB00E7B852 /* Application */,
				1CE50CB11C91A5DB00E7B852 /* Configs */,
				1CE50CB31C91A5DB00E7B852 /* Controller */,
				1CE50CB51C91A5DB00E7B852 /* View */,
				1CE50CA41C91A32A00E7B852 /* Assets.xcassets */,
			);
			path = DemoCoreData;
			sourceTree = "<group>";
		};
		1CE50CAF1C91A5DB00E7B852 /* Application */ = {
			isa = PBXGroup;
			children = (
				1CE50CB01C91A5DB00E7B852 /* AppDelegate.swift */,
			);
			path = Application;
			sourceTree = "<group>";
		};
		1CE50CB11C91A5DB00E7B852 /* Configs */ = {
			isa = PBXGroup;
			children = (
				1CE50CB21C91A5DB00E7B852 /* Info.plist */,
			);
			path = Configs;
			sourceTree = "<group>";
		};
		1CE50CB31C91A5DB00E7B852 /* Controller */ = {
			isa = PBXGroup;
			children = (
				1CE50CB41C91A5DB00E7B852 /* ViewController.swift */,
			);
			path = Controller;
			sourceTree = "<group>";
		};
		1CE50CB51C91A5DB00E7B852 /* View */ = {
			isa = PBXGroup;
			children = (
				1CE50CB61C91A5DB00E7B852 /* LaunchScreen.storyboard */,
				1CE50CB81C91A5DB00E7B852 /* Main.storyboard */,
			);
			path = View;
			sourceTree = "<group>";
		};
		1CE50CBF1C91A63D00E7B852 /* Model */ = {
			isa = PBXGroup;
			children = (
				1CE50CC01C91A65100E7B852 /* Model.xcdatamodeld */,
			);
			path = Model;
			sourceTree = "<group>";
		};
/* End PBXGroup section */

/* Begin PBXNativeTarget section */
		1CE50C991C91A32A00E7B852 /* DemoCoreData */ = {
			isa = PBXNativeTarget;
			buildConfigurationList = 1CE50CAC1C91A32A00E7B852 /* Build configuration list for PBXNativeTarget "DemoCoreData" */;
			buildPhases = (
				1CE50C961C91A32A00E7B852 /* Sources */,
				1CE50C971C91A32A00E7B852 /* Frameworks */,
				1CE50C981C91A32A00E7B852 /* Resources */,
			);
			buildRules = (
			);
			dependencies = (
			);
			name = DemoCoreData;
			productName = DemoCoreData;
			productReference = 1CE50C9A1C91A32A00E7B852 /* DemoCoreData.app */;
			productType = "com.apple.product-type.application";
		};
/* End PBXNativeTarget section */

/* Begin PBXProject section */
		1CE50C921C91A32A00E7B852 /* Project object */ = {
			isa = PBXProject;
			attributes = {
				LastSwiftUpdateCheck = 0720;
				LastUpgradeCheck = 0720;
				ORGANIZATIONNAME = "Susim Samanta";
				TargetAttributes = {
					1CE50C991C91A32A00E7B852 = {
						CreatedOnToolsVersion = 7.2.1;
					};
				};
			};
			buildConfigurationList = 1CE50C951C91A32A00E7B852 /* Build configuration list for PBXProject "DemoCoreData" */;
			compatibilityVersion = "Xcode 3.2";
			developmentRegion = English;
			hasScannedForEncodings = 0;
			knownRegions = (
				en,
				Base,
			);
			mainGroup = 1CE50C911C91A32A00E7B852;
			productRefGroup = 1CE50C9B1C91A32A00E7B852 /* Products */;
			projectDirPath = "";
			projectRoot = "";
			targets = (
				1CE50C991C91A32A00E7B852 /* DemoCoreData */,
			);
		};
/* End PBXProject section */

/* Begin PBXResourcesBuildPhase section */
		1CE50C981C91A32A00E7B852 /* Resources */ = {
			isa = PBXResourcesBuildPhase;
			buildActionMask = 2147483647;
			files = (
				1CE50CBD1C91A5DB00E7B852 /* LaunchScreen.storyboard in Resources */,
				1CE50CBB1C91A5DB00E7B852 /* Info.plist in Resources */,
				1CE50CA51C91A32A00E7B852 /* Assets.xcassets in Resources */,
				1CE50CBE1C91A5DB00E7B852 /* Main.storyboard in Resources */,
			);
			runOnlyForDeploymentPostprocessing = 0;
		};
/* End PBXResourcesBuildPhase section */

/* Begin PBXSourcesBuildPhase section */
		1CE50C961C91A32A00E7B852 /* Sources */ = {
			isa = PBXSourcesBuildPhase;
			buildActionMask = 2147483647;
			files = (
				1CE50CBC1C91A5DB00E7B852 /* ViewController.swift in Sources */,
				1CE50CBA1C91A5DB00E7B852 /* AppDelegate.swift in Sources */,
				1CE50CC21C91A65100E7B852 /* Model.xcdatamodeld in Sources */,
			);
			runOnlyForDeploymentPostprocessing = 0;
		};
/* End PBXSourcesBuildPhase section */

/* Begin PBXVariantGroup section */
		1CE50CB61C91A5DB00E7B852 /* LaunchScreen.storyboard */ = {
			isa = PBXVariantGroup;
			children = (
				1CE50CB71C91A5DB00E7B852 /* Base */,
			);
			name = LaunchScreen.storyboard;
			sourceTree = "<group>";
		};
		1CE50CB81C91A5DB00E7B852 /* Main.storyboard */ = {
			isa = PBXVariantGroup;
			children = (
				1CE50CB91C91A5DB00E7B852 /* Base */,
			);
			name = Main.storyboard;
			sourceTree = "<group>";
		};
/* End PBXVariantGroup section */

/* Begin XCBuildConfiguration section */
		1CE50CAA1C91A32A00E7B852 /* Debug */ = {
			isa = XCBuildConfiguration;
			buildSettings = {
				ALWAYS_SEARCH_USER_PATHS = NO;
				CLANG_CXX_LANGUAGE_STANDARD = "gnu++0x";
				CLANG_CXX_LIBRARY = "libc++";
				CLANG_ENABLE_MODULES = YES;
				CLANG_ENABLE_OBJC_ARC = YES;
				CLANG_WARN_BOOL_CONVERSION = YES;
				CLANG_WARN_CONSTANT_CONVERSION = YES;
				CLANG_WARN_DIRECT_OBJC_ISA_USAGE = YES_ERROR;
				CLANG_WARN_EMPTY_BODY = YES;
				CLANG_WARN_ENUM_CONVERSION = YES;
				CLANG_WARN_INT_CONVERSION = YES;
				CLANG_WARN_OBJC_ROOT_CLASS = YES_ERROR;
				CLANG_WARN_UNREACHABLE_CODE = YES;
				CLANG_WARN__DUPLICATE_METHOD_MATCH = YES;
				"CODE_SIGN_IDENTITY[sdk=iphoneos*]" = "iPhone Developer";
				COPY_PHASE_STRIP = NO;
				DEBUG_INFORMATION_FORMAT = dwarf;
				ENABLE_STRICT_OBJC_MSGSEND = YES;
				ENABLE_TESTABILITY = YES;
				GCC_C_LANGUAGE_STANDARD = gnu99;
				GCC_DYNAMIC_NO_PIC = NO;
				GCC_NO_COMMON_BLOCKS = YES;
				GCC_OPTIMIZATION_LEVEL = 0;
				GCC_PREPROCESSOR_DEFINITIONS = (
					"DEBUG=1",
					"$(inherited)",
				);
				GCC_WARN_64_TO_32_BIT_CONVERSION = YES;
				GCC_WARN_ABOUT_RETURN_TYPE = YES_ERROR;
				GCC_WARN_UNDECLARED_SELECTOR = YES;
				GCC_WARN_UNINITIALIZED_AUTOS = YES_AGGRESSIVE;
				GCC_WARN_UNUSED_FUNCTION = YES;
				GCC_WARN_UNUSED_VARIABLE = YES;
				IPHONEOS_DEPLOYMENT_TARGET = 9.2;
				MTL_ENABLE_DEBUG_INFO = YES;
				ONLY_ACTIVE_ARCH = YES;
				SDKROOT = iphoneos;
				SWIFT_OPTIMIZATION_LEVEL = "-Onone";
				TARGETED_DEVICE_FAMILY = "1,2";
			};
			name = Debug;
		};
		1CE50CAB1C91A32A00E7B852 /* Release */ = {
			isa = XCBuildConfiguration;
			buildSettings = {
				ALWAYS_SEARCH_USER_PATHS = NO;
				CLANG_CXX_LANGUAGE_STANDARD = "gnu++0x";
				CLANG_CXX_LIBRARY = "libc++";
				CLANG_ENABLE_MODULES = YES;
				CLANG_ENABLE_OBJC_ARC = YES;
				CLANG_WARN_BOOL_CONVERSION = YES;
				CLANG_WARN_CONSTANT_CONVERSION = YES;
				CLANG_WARN_DIRECT_OBJC_ISA_USAGE = YES_ERROR;
				CLANG_WARN_EMPTY_BODY = YES;
				CLANG_WARN_ENUM_CONVERSION = YES;
				CLANG_WARN_INT_CONVERSION = YES;
				CLANG_WARN_OBJC_ROOT_CLASS = YES_ERROR;
				CLANG_WARN_UNREACHABLE_CODE = YES;
				CLANG_WARN__DUPLICATE_METHOD_MATCH = YES;
				"CODE_SIGN_IDENTITY[sdk=iphoneos*]" = "iPhone Developer";
				COPY_PHASE_STRIP = NO;
				DEBUG_INFORMATION_FORMAT = "dwarf-with-dsym";
				ENABLE_NS_ASSERTIONS = NO;
				ENABLE_STRICT_OBJC_MSGSEND = YES;
				GCC_C_LANGUAGE_STANDARD = gnu99;
				GCC_NO_COMMON_BLOCKS = YES;
				GCC_WARN_64_TO_32_BIT_CONVERSION = YES;
				GCC_WARN_ABOUT_RETURN_TYPE = YES_ERROR;
				GCC_WARN_UNDECLARED_SELECTOR = YES;
				GCC_WARN_UNINITIALIZED_AUTOS = YES_AGGRESSIVE;
				GCC_WARN_UNUSED_FUNCTION = YES;
				GCC_WARN_UNUSED_VARIABLE = YES;
				IPHONEOS_DEPLOYMENT_TARGET = 9.2;
				MTL_ENABLE_DEBUG_INFO = NO;
				SDKROOT = iphoneos;
				TARGETED_DEVICE_FAMILY = "1,2";
				VALIDATE_PRODUCT = YES;
			};
			name = Release;
		};
		1CE50CAD1C91A32A00E7B852 /* Debug */ = {
			isa = XCBuildConfiguration;
			buildSettings = {
				ASSETCATALOG_COMPILER_APPICON_NAME = AppIcon;
				INFOPLIST_FILE = DemoCoreData/Info.plist;
				LD_RUNPATH_SEARCH_PATHS = "$(inherited) @executable_path/Frameworks";
				PRODUCT_BUNDLE_IDENTIFIER = com.susim.DemoCoreData;
				PRODUCT_NAME = "$(TARGET_NAME)";
			};
			name = Debug;
		};
		1CE50CAE1C91A32A00E7B852 /* Release */ = {
			isa = XCBuildConfiguration;
			buildSettings = {
				ASSETCATALOG_COMPILER_APPICON_NAME = AppIcon;
				INFOPLIST_FILE = DemoCoreData/Info.plist;
				LD_RUNPATH_SEARCH_PATHS = "$(inherited) @executable_path/Frameworks";
				PRODUCT_BUNDLE_IDENTIFIER = com.susim.DemoCoreData;
				PRODUCT_NAME = "$(TARGET_NAME)";
			};
			name = Release;
		};
/* End XCBuildConfiguration section */

/* Begin XCConfigurationList section */
		1CE50C951C91A32A00E7B852 /* Build configuration list for PBXProject "DemoCoreData" */ = {
			isa = XCConfigurationList;
			buildConfigurations = (
				1CE50CAA1C91A32A00E7B852 /* Debug */,
				1CE50CAB1C91A32A00E7B852 /* Release */,
			);
			defaultConfigurationIsVisible = 0;
			defaultConfigurationName = Release;
		};
		1CE50CAC1C91A32A00E7B852 /* Build configuration list for PBXNativeTarget "DemoCoreData" */ = {
			isa = XCConfigurationList;
			buildConfigurations = (
				1CE50CAD1C91A32A00E7B852 /* Debug */,
				1CE50CAE1C91A32A00E7B852 /* Release */,
			);
			defaultConfigurationIsVisible = 0;
			defaultConfigurationName = Release;
		};
/* End XCConfigurationList section */

/* Begin XCVersionGroup section */
		1CE50CC01C91A65100E7B852 /* Model.xcdatamodeld */ = {
			isa = XCVersionGroup;
			children = (
				1CE50CC11C91A65100E7B852 /* Model.xcdatamodel */,
			);
			currentVersion = 1CE50CC11C91A65100E7B852 /* Model.xcdatamodel */;
			path = Model.xcdatamodeld;
			sourceTree = "<group>";
			versionGroupType = wrapper.xcdatamodel;
		};
/* End XCVersionGroup section */
	};
	rootObject = 1CE50C921C91A32A00E7B852 /* Project object */;
}
